# THIS IS AN AUTOGENERATED FILE. DO NOT EDIT THIS FILE DIRECTLY.
# yarn lockfile v1


"@node-rs/helper@^0.4.0":
  version "0.4.0"
  resolved "https://registry.yarnpkg.com/@node-rs/helper/-/helper-0.4.0.tgz#deec7d95aafa90535980a51cbd5336b8bbefe93a"
  integrity sha512-fSyHEXmlt/FueKqAYiGFCnkohnQBMQwUr6VYPeZEeVBAzQzhioS1WaRe2fSpOuRKIimCQEvxhQ6fwsYxYakfGA==
  dependencies:
    tslib "^2.0.1"

"@swc/core-darwin@^1.2.40":
  version "1.2.40"
  resolved "https://registry.yarnpkg.com/@swc/core-darwin/-/core-darwin-1.2.40.tgz#4acb1379f3df626e5550fb12b0795682a25aa177"
  integrity sha512-G2WnozxzDh91rGMkX4+7OK2508TOZKkpc3e1FwbbXjvw3W4setYZjID2PQba/aFMoqBjCN/GGa18Nc/yTC+bEg==

"@swc/core-linux@^1.2.40":
  version "1.2.40"
  resolved "https://registry.yarnpkg.com/@swc/core-linux/-/core-linux-1.2.40.tgz#57f0d21fce82b0bf6379c1b57a71d0df36ba80e4"
  integrity sha512-Ou12St4fr4YOj/kqZiJUh9rsw8BzcvQrX2GbuLw4d0Cs8sL4hTxiG/1j/1XShYV8nSQQGNmp9lVoAGkDi0lE5g==

"@swc/core-win32@^1.2.40":
  version "1.2.40"
  resolved "https://registry.yarnpkg.com/@swc/core-win32/-/core-win32-1.2.40.tgz#bea0f9b883d6ccc84504426f21a3aa6eb9608941"
  integrity sha512-ywgfxPVc0ISF3nqrLNdnE3qWIvxAiNU7psgTW9eTgbcQWojsAvzouQftnQ6eFzXyhwmAXOw2FEbFz/xoljyh5Q==

"@swc/core@^1.2.40":
  version "1.2.40"
  resolved "https://registry.yarnpkg.com/@swc/core/-/core-1.2.40.tgz#b9362e7c882a14f3c83b5535b11381abfa0cae4e"
  integrity sha512-u2/pTMEdxQTv1oOZ17yr9aI6Fnt2UR90X48n28/tjy2b8bH1VmUaB707MMMWySgMnQe2Y98IzYzUDTgOP4D1Ew==
  dependencies:
    "@node-rs/helper" "^0.4.0"
  optionalDependencies:
    "@swc/core-darwin" "^1.2.40"
    "@swc/core-linux" "^1.2.40"
    "@swc/core-win32" "^1.2.40"

dotenv@^8.2.0:
  version "8.2.0"
  resolved "https://registry.yarnpkg.com/dotenv/-/dotenv-8.2.0.tgz#97e619259ada750eea3e4ea3e26bceea5424b16a"
  integrity sha512-8sJ78ElpbDJBHNeBzUbUVLsqKdccaa/BXF1uPTw3GrvQTBgrQrtObr2mUrE38vzYd8cEv+m/JBfDLioYcfXoaw==

kafkajs@^1.15.0:
  version "1.15.0"
  resolved "https://registry.yarnpkg.com/kafkajs/-/kafkajs-1.15.0.tgz#a5ada0d933edca2149177393562be6fb0875ec3a"
  integrity sha512-yjPyEnQCkPxAuQLIJnY5dI+xnmmgXmhuOQ1GVxClG5KTOV/rJcW1qA3UfvyEJKTp/RTSqQnUR3HJsKFvHyTpNg==

tslib@^2.0.1:
  version "2.0.3"
  resolved "https://registry.yarnpkg.com/tslib/-/tslib-2.0.3.tgz#8e0741ac45fc0c226e58a17bfc3e64b9bc6ca61c"
  integrity sha512-uZtkfKblCEQtZKBF6EBXVZeQNl82yqtDQdv+eck8u7tdPxjLu2/lp5/uPW+um2tpuxINHWy3GhiccY7QgEaVHQ==
